
Microsoft Visual Studio Solution File, Format Version 12.00
# Visual Studio Version 17
VisualStudioVersion = 17.0.32014.148
MinimumVisualStudioVersion = 10.0.40219.1
Project("{9A19103F-16F7-4668-BE54-9A1E7A4F7556}") = "TransactionsWebApi", "TransactionsWebApi\TransactionsWebApi.csproj", "{29AC4A35-1592-49AB-A1AA-3CA863CD31A1}"
EndProject
Project("{9A19103F-16F7-4668-BE54-9A1E7A4F7556}") = "TransactionsGui", "TransactionsGui\TransactionsGui.csproj", "{75FE37FB-9299-49AE-B261-4C338A2E1F61}"
EndProject
Project("{9A19103F-16F7-4668-BE54-9A1E7A4F7556}") = "TransactionsGraphQLClient", "TransactionsGraphQLClient\TransactionsGraphQLClient.csproj", "{C05EB786-D471-4D84-A303-AD5586138AAA}"
EndProject
Global
	GlobalSection(SolutionConfigurationPlatforms) = preSolution
		Debug|Any CPU = Debug|Any CPU
		Release|Any CPU = Release|Any CPU
	EndGlobalSection
	GlobalSection(ProjectConfigurationPlatforms) = postSolution
		{29AC4A35-1592-49AB-A1AA-3CA863CD31A1}.Debug|Any CPU.ActiveCfg = Debug|Any CPU
		{29AC4A35-1592-49AB-A1AA-3CA863CD31A1}.Debug|Any CPU.Build.0 = Debug|Any CPU
		{29AC4A35-1592-49AB-A1AA-3CA863CD31A1}.Release|Any CPU.ActiveCfg = Release|Any CPU
		{29AC4A35-1592-49AB-A1AA-3CA863CD31A1}.Release|Any CPU.Build.0 = Release|Any CPU
		{75FE37FB-9299-49AE-B261-4C338A2E1F61}.Debug|Any CPU.ActiveCfg = Debug|Any CPU
		{75FE37FB-9299-49AE-B261-4C338A2E1F61}.Debug|Any CPU.Build.0 = Debug|Any CPU
		{75FE37FB-9299-49AE-B261-4C338A2E1F61}.Release|Any CPU.ActiveCfg = Release|Any CPU
		{75FE37FB-9299-49AE-B261-4C338A2E1F61}.Release|Any CPU.Build.0 = Release|Any CPU
		{C05EB786-D471-4D84-A303-AD5586138AAA}.Debug|Any CPU.ActiveCfg = Debug|Any CPU
		{C05EB786-D471-4D84-A303-AD5586138AAA}.Debug|Any CPU.Build.0 = Debug|Any CPU
		{C05EB786-D471-4D84-A303-AD5586138AAA}.Release|Any CPU.ActiveCfg = Release|Any CPU
		{C05EB786-D471-4D84-A303-AD5586138AAA}.Release|Any CPU.Build.0 = Release|Any CPU
	EndGlobalSection
	GlobalSection(SolutionProperties) = preSolution
		HideSolutionNode = FALSE
	EndGlobalSection
	GlobalSection(ExtensibilityGlobals) = postSolution
		SolutionGuid = {85AAC094-2BE9-4BFE-A2FB-72AE9F419123}
	EndGlobalSection
EndGlobal
